
Microsoft Visual Studio Solution File, Format Version 11.00
# Visual Studio 2010
Project("{FAE04EC0-301F-11D3-BF4B-00C04F79EFBC}") = "Malakorp.MalakoMine.Client", "Malakorp.MalakoMine.Client\Malakorp.MalakoMine.Client.csproj", "{33AC0004-DC4F-41BF-99E4-0DC4FC9390E6}"
EndProject
Project("{FAE04EC0-301F-11D3-BF4B-00C04F79EFBC}") = "Malakorp.MalakoMine.TFS", "Malakorp.MalakoMine.TFS\Malakorp.MalakoMine.TFS.csproj", "{3B4E7B4D-9FA4-47AC-9A23-AAE1A25F7285}"
EndProject
Project("{FAE04EC0-301F-11D3-BF4B-00C04F79EFBC}") = "Malakorp.MalakoMine.Notifier", "malakorp.malakomine.notifier\Malakorp.MalakoMine.Notifier.csproj", "{0BD26409-01B7-4145-9CA0-A8B61B58B0C9}"
EndProject
Project("{FAE04EC0-301F-11D3-BF4B-00C04F79EFBC}") = "Malakorp.MalakoMine.TFSProxy", "malakorp.malakomine.tfsproxy\Malakorp.MalakoMine.TFSProxy.csproj", "{F598576E-B17E-43E1-A9CB-90AB7A2381C4}"
EndProject
Global
	GlobalSection(SolutionConfigurationPlatforms) = preSolution
		Debug|Any CPU = Debug|Any CPU
		Debug|Mixed Platforms = Debug|Mixed Platforms
		Debug|x86 = Debug|x86
		Release|Any CPU = Release|Any CPU
		Release|Mixed Platforms = Release|Mixed Platforms
		Release|x86 = Release|x86
	EndGlobalSection
	GlobalSection(ProjectConfigurationPlatforms) = postSolution
		{33AC0004-DC4F-41BF-99E4-0DC4FC9390E6}.Debug|Any CPU.ActiveCfg = Debug|Any CPU
		{33AC0004-DC4F-41BF-99E4-0DC4FC9390E6}.Debug|Any CPU.Build.0 = Debug|Any CPU
		{33AC0004-DC4F-41BF-99E4-0DC4FC9390E6}.Debug|Mixed Platforms.ActiveCfg = Debug|Any CPU
		{33AC0004-DC4F-41BF-99E4-0DC4FC9390E6}.Debug|Mixed Platforms.Build.0 = Debug|Any CPU
		{33AC0004-DC4F-41BF-99E4-0DC4FC9390E6}.Debug|x86.ActiveCfg = Debug|Any CPU
		{33AC0004-DC4F-41BF-99E4-0DC4FC9390E6}.Release|Any CPU.ActiveCfg = Release|Any CPU
		{33AC0004-DC4F-41BF-99E4-0DC4FC9390E6}.Release|Any CPU.Build.0 = Release|Any CPU
		{33AC0004-DC4F-41BF-99E4-0DC4FC9390E6}.Release|Mixed Platforms.ActiveCfg = Release|Any CPU
		{33AC0004-DC4F-41BF-99E4-0DC4FC9390E6}.Release|Mixed Platforms.Build.0 = Release|Any CPU
		{33AC0004-DC4F-41BF-99E4-0DC4FC9390E6}.Release|x86.ActiveCfg = Release|Any CPU
		{3B4E7B4D-9FA4-47AC-9A23-AAE1A25F7285}.Debug|Any CPU.ActiveCfg = Debug|Any CPU
		{3B4E7B4D-9FA4-47AC-9A23-AAE1A25F7285}.Debug|Any CPU.Build.0 = Debug|Any CPU
		{3B4E7B4D-9FA4-47AC-9A23-AAE1A25F7285}.Debug|Mixed Platforms.ActiveCfg = Debug|Any CPU
		{3B4E7B4D-9FA4-47AC-9A23-AAE1A25F7285}.Debug|Mixed Platforms.Build.0 = Debug|Any CPU
		{3B4E7B4D-9FA4-47AC-9A23-AAE1A25F7285}.Debug|x86.ActiveCfg = Debug|Any CPU
		{3B4E7B4D-9FA4-47AC-9A23-AAE1A25F7285}.Release|Any CPU.ActiveCfg = Release|Any CPU
		{3B4E7B4D-9FA4-47AC-9A23-AAE1A25F7285}.Release|Any CPU.Build.0 = Release|Any CPU
		{3B4E7B4D-9FA4-47AC-9A23-AAE1A25F7285}.Release|Mixed Platforms.ActiveCfg = Release|Any CPU
		{3B4E7B4D-9FA4-47AC-9A23-AAE1A25F7285}.Release|Mixed Platforms.Build.0 = Release|Any CPU
		{3B4E7B4D-9FA4-47AC-9A23-AAE1A25F7285}.Release|x86.ActiveCfg = Release|Any CPU
		{0BD26409-01B7-4145-9CA0-A8B61B58B0C9}.Debug|Any CPU.ActiveCfg = Debug|x86
		{0BD26409-01B7-4145-9CA0-A8B61B58B0C9}.Debug|Mixed Platforms.ActiveCfg = Debug|x86
		{0BD26409-01B7-4145-9CA0-A8B61B58B0C9}.Debug|Mixed Platforms.Build.0 = Debug|x86
		{0BD26409-01B7-4145-9CA0-A8B61B58B0C9}.Debug|x86.ActiveCfg = Debug|x86
		{0BD26409-01B7-4145-9CA0-A8B61B58B0C9}.Debug|x86.Build.0 = Debug|x86
		{0BD26409-01B7-4145-9CA0-A8B61B58B0C9}.Release|Any CPU.ActiveCfg = Release|x86
		{0BD26409-01B7-4145-9CA0-A8B61B58B0C9}.Release|Mixed Platforms.ActiveCfg = Release|x86
		{0BD26409-01B7-4145-9CA0-A8B61B58B0C9}.Release|Mixed Platforms.Build.0 = Release|x86
		{0BD26409-01B7-4145-9CA0-A8B61B58B0C9}.Release|x86.ActiveCfg = Release|x86
		{0BD26409-01B7-4145-9CA0-A8B61B58B0C9}.Release|x86.Build.0 = Release|x86
		{F598576E-B17E-43E1-A9CB-90AB7A2381C4}.Debug|Any CPU.ActiveCfg = Debug|Any CPU
		{F598576E-B17E-43E1-A9CB-90AB7A2381C4}.Debug|Any CPU.Build.0 = Debug|Any CPU
		{F598576E-B17E-43E1-A9CB-90AB7A2381C4}.Debug|Mixed Platforms.ActiveCfg = Debug|Any CPU
		{F598576E-B17E-43E1-A9CB-90AB7A2381C4}.Debug|Mixed Platforms.Build.0 = Debug|Any CPU
		{F598576E-B17E-43E1-A9CB-90AB7A2381C4}.Debug|x86.ActiveCfg = Debug|Any CPU
		{F598576E-B17E-43E1-A9CB-90AB7A2381C4}.Release|Any CPU.ActiveCfg = Release|Any CPU
		{F598576E-B17E-43E1-A9CB-90AB7A2381C4}.Release|Any CPU.Build.0 = Release|Any CPU
		{F598576E-B17E-43E1-A9CB-90AB7A2381C4}.Release|Mixed Platforms.ActiveCfg = Release|Any CPU
		{F598576E-B17E-43E1-A9CB-90AB7A2381C4}.Release|Mixed Platforms.Build.0 = Release|Any CPU
		{F598576E-B17E-43E1-A9CB-90AB7A2381C4}.Release|x86.ActiveCfg = Release|Any CPU
	EndGlobalSection
	GlobalSection(SolutionProperties) = preSolution
		HideSolutionNode = FALSE
	EndGlobalSection
EndGlobal
